version: 1.0
shards:
  admiral:
    github: jwaldrip/admiral.cr
    commit: 09a81513a47535c4b59cbf0ab98cadcbf6ab70fb

  clear:
    github: anykeyh/clear
    commit: f9aa2369a665f413ea27a8000e8884c778f28d36

  db:
    github: crystal-lang/crystal-db
    version: 0.9.0

  emoji:
    github: veelenga/emoji.cr
    commit: 4642bd8ef64839b4639ba0be521e8c85113cb8d5

  generate:
    github: anykeyh/generate.cr
    commit: 27a59d663ded8ce39a361e3a88b8dd747f59ce42

  inflector:
    github: phoffer/inflector.cr
    version: 0.1.8

  kilt:
    github: jeromegn/kilt
    version: 0.6.0

  markd:
    github: icyleaf/markd
    version: 0.2.0

  mosquito:
    github: robacarp/mosquito
    commit: bd4d646312fecebabaf34099b99384ff0d473213

  oak:
    github: obsidian/oak
    version: 2.0.1

  orion:
    github: obsidian/orion
    commit: 92ab467943c99f11d3d4c1d5e6cae91646046c4b

  pg:
    github: will/crystal-pg
    commit: cafee448dc09ef487bd3941febce8796830f1bd7

  pool:
    github: ysbaddaden/pool
    version: 0.2.3

  redis:
    github: stefanwille/crystal-redis
    version: 2.6.0

  sass:
    github: straight-shoota/sass.cr
    version: 0.5.0

  sentry:
    github: Acciaiodigitale/sentry
    commit: 5ba3ace2a1c2ab8ea55cd4a89a663bec4f21f75a

  slang:
    github: jeromegn/slang
    version: 1.7.1

