version: 2.0
shards:
  admiral:
    git: https://github.com/jwaldrip/admiral.cr.git
    version: 1.12.1+git.commit.211937b64b753b86ccbe86a72122be30e294e31a

  backtracer:
    git: https://github.com/sija/backtracer.cr.git
    version: 1.2.2

  cache:
    git: https://github.com/mamantoha/cache.git
    version: 0.14.0

  clear:
    git: https://github.com/anykeyh/clear.git
    version: 0.9

  common_marker:
    git: https://github.com/mamantoha/crystal-cmark-gfm.git
    version: 0.6.0

  crystar:
    git: https://github.com/naqvis/crystar.git
    version: 0.3.0

  db:
    git: https://github.com/crystal-lang/crystal-db.git
    version: 0.11.0

  emoji:
    git: https://github.com/veelenga/emoji.cr.git
    version: 0.5.0+git.commit.78b46a18a5672de185690568f6d36d753bd6bacf

  exception_page:
    git: https://github.com/crystal-loot/exception_page.git
    version: 0.3.0

  generate:
    git: https://github.com/anykeyh/generate.cr.git
    version: 0.1.0+git.commit.f5dafc934a70e0ee2f246dddf3df44686f844da2

  habitat:
    git: https://github.com/luckyframework/habitat.git
    version: 0.4.7

  html_builder:
    git: https://github.com/crystal-lang/html_builder.git
    version: 0.2.2

  http_cache_handler:
    git: https://github.com/jwaldrip/http_cache_handler.git
    version: 0.1.0+git.commit.f0f2ad8138b826760a854e8b70c69059431a3167

  inflector:
    git: https://github.com/phoffer/inflector.cr.git
    version: 0.1.8

  json_mapping:
    git: https://github.com/crystal-lang/json_mapping.cr.git
    version: 0.1.1

  kilt:
    git: https://github.com/jeromegn/kilt.git
    version: 0.6.1

  mosquito:
    git: https://github.com/mosquito-cr/mosquito.git
    version: 0.11.2

  oak:
    git: https://github.com/obsidian/oak.git
    version: 4.0.1

  orion:
    git: https://github.com/obsidian/orion.git
    version: 4.0.0-beta1

  pg:
    git: https://github.com/will/crystal-pg.git
    version: 0.26.0+git.commit.cafe599847b127431b13968a725702ff3c0320ac

  pool:
    git: https://github.com/ysbaddaden/pool.git
    version: 0.3.0

  redis:
    git: https://github.com/stefanwille/crystal-redis.git
    version: 2.8.3

  sass:
    git: https://github.com/straight-shoota/sass.cr.git
    version: 0.6.0

  sentry:
    git: https://github.com/samueleaton/sentry.git
    version: 0.5.0

  slang:
    git: https://github.com/jeromegn/slang.git
    version: 1.7.3

  wordsmith:
    git: https://github.com/luckyframework/wordsmith.git
    version: 0.4.0

  yaml_mapping:
    git: https://github.com/crystal-lang/yaml_mapping.cr.git
    version: 0.1.1

