version: 1.0
shards:
  admiral:
    github: jwaldrip/admiral.cr
    commit: c3c3467953654554b72c24e7b853d6fbb23f10c0

  clear:
    github: anykeyh/clear
    commit: f9aa2369a665f413ea27a8000e8884c778f28d36

  common_marker:
    github: mamantoha/crystal-cmark-gfm
    version: 0.3.0

  db:
    github: crystal-lang/crystal-db
    version: 0.9.0

  emoji:
    github: veelenga/emoji.cr
    commit: 4642bd8ef64839b4639ba0be521e8c85113cb8d5

  exception_page:
    github: crystal-loot/exception_page
    version: 0.1.4

  generate:
    github: anykeyh/generate.cr
    commit: 27a59d663ded8ce39a361e3a88b8dd747f59ce42

  icr:
    github: crystal-community/icr
    commit: 7da354f5c0a356aee77e68fc63c87e2ad35da7fb

  inflector:
    github: phoffer/inflector.cr
    version: 0.1.8

  kilt:
    github: jeromegn/kilt
    version: 0.6.0

  mosquito:
    github: robacarp/mosquito
    commit: 8a0f98788d07945f9f1ae3e08add364ce2a5af07

  oak:
    github: obsidian/oak
    version: 2.0.1

  orion:
    github: obsidian/orion
    commit: a4ff7af907820e901e5fc66b7959348ff1f033eb

  pg:
    github: will/crystal-pg
    commit: cafee448dc09ef487bd3941febce8796830f1bd7

  pool:
    github: ysbaddaden/pool
    version: 0.2.3

  readline:
    github: crystal-lang/crystal-readline
    commit: 0fb7d186da8e1b157998d98d1c96e99699b791eb

  redis:
    github: stefanwille/crystal-redis
    version: 2.6.0

  sass:
    github: straight-shoota/sass.cr
    version: 0.5.0

  sentry:
    github: Acciaiodigitale/sentry
    commit: 5ba3ace2a1c2ab8ea55cd4a89a663bec4f21f75a

  slang:
    github: jeromegn/slang
    version: 1.7.1

  wordsmith:
    github: luckyframework/wordsmith
    version: 0.2.0

